PODS:
  - Alamofire (3.2.0)
  - CocoaLumberjack (2.0.3):
    - CocoaLumberjack/Default (= 2.0.3)
    - CocoaLumberjack/Extensions (= 2.0.3)
  - CocoaLumberjack/Core (2.0.3)
  - CocoaLumberjack/Default (2.0.3):
    - CocoaLumberjack/Core
  - CocoaLumberjack/Extensions (2.0.3):
    - CocoaLumberjack/Default

DEPENDENCIES:
  - Alamofire
  - CocoaLumberjack (~> 2.0.0-beta4)

SPEC CHECKSUMS:
  Alamofire: 4da478599fccddff361205c8929333d7fe18dceb
  CocoaLumberjack: f58d8a19629f4d8379ae14bb3534def24161430e

COCOAPODS: 0.39.0
